{
  "requires": true,
  "lockfileVersion": 1,
  "dependencies": {
    "angular2-useful-swiper": {
      "version": "8.0.1-beta.1",
      "resolved": "https://registry.npmjs.org/angular2-useful-swiper/-/angular2-useful-swiper-8.0.1-beta.1.tgz",
      "integrity": "sha512-vz3tagg/tgRHNzUPnmnhEsEhiOoQYlVEGu4tZ4PIynUzQedADaYykTjY9y+HvjbMgKhPQVH4TW6R2CcXrhJEXw==",
      "requires": {
        "tslib": "^1.9.0"
      }
    },
    "dom7": {
      "version": "2.1.3",
      "resolved": "https://registry.npmjs.org/dom7/-/dom7-2.1.3.tgz",
      "integrity": "sha512-QTxHHDox+M6ZFz1zHPAHZKI3JOHY5iY4i9BK2uctlggxKQwRhO3q3HHFq1BKsT25Bm/ySSj70K6Wk/G4bs9rMQ==",
      "requires": {
        "ssr-window": "^1.0.1"
      }
    },
    "ssr-window": {
      "version": "1.0.1",
      "resolved": "https://registry.npmjs.org/ssr-window/-/ssr-window-1.0.1.tgz",
      "integrity": "sha512-dgFqB+f00LJTEgb6UXhx0h+SrG50LJvti2yMKMqAgzfUmUXZrLSv2fjULF7AWGwK25EXu8+smLR3jYsJQChPsg=="
    },
    "swiper": {
      "version": "5.3.7",
      "resolved": "https://registry.npmjs.org/swiper/-/swiper-5.3.7.tgz",
      "integrity": "sha512-BFpXllmUNj1k/Uz6FRW7ykZfUfeCpfqUZxOxeTFZKYy3gv/kOWULHjwy0xlQIJdsiVGF5nZgRG2VbVl6XWy3gw==",
      "requires": {
        "dom7": "^2.1.3",
        "ssr-window": "^1.0.1"
      }
    },
    "tslib": {
      "version": "1.11.1",
      "resolved": "https://registry.npmjs.org/tslib/-/tslib-1.11.1.tgz",
      "integrity": "sha512-aZW88SY8kQbU7gpV19lN24LtXh/yD4ZZg6qieAJDDg+YBsJcSmLGK9QpnUjAKVG/xefmvJGd1WUmfpT/g6AJGA=="
    }
  }
}
